<?xml version="1.0" encoding="utf-8"?>
<Project ToolsVersion="4.0" xmlns="http://schemas.microsoft.com/developer/msbuild/2003">
  <ItemGroup>
    <Filter Include="include">
      <UniqueIdentifier>{9da192e9-7322-4478-bf16-3f19b7caa956}</UniqueIdentifier>
    </Filter>
    <Filter Include="include\uriparser">
      <UniqueIdentifier>{b5b31308-bcb9-4856-9e2e-ec4075790f10}</UniqueIdentifier>
    </Filter>
    <Filter Include="lib">
      <UniqueIdentifier>{577c52ea-189a-4be1-8d79-a1ec90b1c047}</UniqueIdentifier>
    </Filter>
  </ItemGroup>
  <ItemGroup>
    <ClInclude Include="..\..\include\uriparser\Uri.h">
      <Filter>include\uriparser</Filter>
    </ClInclude>
    <ClInclude Include="..\..\include\uriparser\UriBase.h">
      <Filter>include\uriparser</Filter>
    </ClInclude>
    <ClInclude Include="..\..\include\uriparser\UriDefsAnsi.h">
      <Filter>include\uriparser</Filter>
    </ClInclude>
    <ClInclude Include="..\..\include\uriparser\UriDefsConfig.h">
      <Filter>include\uriparser</Filter>
    </ClInclude>
    <ClInclude Include="..\..\include\uriparser\UriDefsUnicode.h">
      <Filter>include\uriparser</Filter>
    </ClInclude>
    <ClInclude Include="..\..\include\uriparser\UriIp4.h">
      <Filter>include\uriparser</Filter>
    </ClInclude>
    <ClInclude Include="..\..\src\UriCommon.h">
      <Filter>lib</Filter>
    </ClInclude>
    <ClInclude Include="..\..\src\UriIp4Base.h">
      <Filter>lib</Filter>
    </ClInclude>
    <ClInclude Include="..\..\src\UriNormalizeBase.h">
      <Filter>lib</Filter>
    </ClInclude>
    <ClInclude Include="..\..\src\UriParseBase.h">
      <Filter>lib</Filter>
    </ClInclude>
  </ItemGroup>
  <ItemGroup>
    <ClCompile Include="..\..\src\UriCommon.c">
      <Filter>lib</Filter>
    </ClCompile>
    <ClCompile Include="..\..\src\UriCompare.c">
      <Filter>lib</Filter>
    </ClCompile>
    <ClCompile Include="..\..\src\UriEscape.c">
      <Filter>lib</Filter>
    </ClCompile>
    <ClCompile Include="..\..\src\UriFile.c">
      <Filter>lib</Filter>
    </ClCompile>
    <ClCompile Include="..\..\src\UriIp4.c">
      <Filter>lib</Filter>
    </ClCompile>
    <ClCompile Include="..\..\src\UriIp4Base.c">
      <Filter>lib</Filter>
    </ClCompile>
    <ClCompile Include="..\..\src\UriNormalize.c">
      <Filter>lib</Filter>
    </ClCompile>
    <ClCompile Include="..\..\src\UriNormalizeBase.c">
      <Filter>lib</Filter>
    </ClCompile>
    <ClCompile Include="..\..\src\UriParse.c">
      <Filter>lib</Filter>
    </ClCompile>
    <ClCompile Include="..\..\src\UriParseBase.c">
      <Filter>lib</Filter>
    </ClCompile>
    <ClCompile Include="..\..\src\UriQuery.c">
      <Filter>lib</Filter>
    </ClCompile>
    <ClCompile Include="..\..\src\UriRecompose.c">
      <Filter>lib</Filter>
    </ClCompile>
    <ClCompile Include="..\..\src\UriResolve.c">
      <Filter>lib</Filter>
    </ClCompile>
    <ClCompile Include="..\..\src\UriShorten.c">
      <Filter>lib</Filter>
    </ClCompile>
  </ItemGroup>
</Project>